
Microsoft Visual Studio Solution File, Format Version 12.00
# Visual Studio 15
Project("{FAE04EC0-301F-11D3-BF4B-00C04F79EFBC}") = "YellowClone.Android", "YellowClone.Android\YellowClone.Android.csproj", "{94CE291E-FF3D-4EC9-8CC5-B0AD12711729}"
EndProject
Project("{FAE04EC0-301F-11D3-BF4B-00C04F79EFBC}") = "YellowClone.iOS", "YellowClone.iOS\YellowClone.iOS.csproj", "{8508C48E-229B-457E-91D2-BC8ACB6938E2}"
EndProject
Project("{FAE04EC0-301F-11D3-BF4B-00C04F79EFBC}") = "YellowClone", "YellowClone\YellowClone.csproj", "{A3E172D9-B978-4A23-98D2-3A058A05F02C}"
EndProject
Global
	GlobalSection(SolutionConfigurationPlatforms) = preSolution
		Debug|Any CPU = Debug|Any CPU
		Release|Any CPU = Release|Any CPU
		Debug|iPhoneSimulator = Debug|iPhoneSimulator
		Release|iPhoneSimulator = Release|iPhoneSimulator
		Debug|iPhone = Debug|iPhone
		Release|iPhone = Release|iPhone
	EndGlobalSection
	GlobalSection(ProjectConfigurationPlatforms) = postSolution
		{94CE291E-FF3D-4EC9-8CC5-B0AD12711729}.Debug|Any CPU.ActiveCfg = Debug|Any CPU
		{94CE291E-FF3D-4EC9-8CC5-B0AD12711729}.Debug|Any CPU.Build.0 = Debug|Any CPU
		{94CE291E-FF3D-4EC9-8CC5-B0AD12711729}.Release|Any CPU.ActiveCfg = Release|Any CPU
		{94CE291E-FF3D-4EC9-8CC5-B0AD12711729}.Release|Any CPU.Build.0 = Release|Any CPU
		{94CE291E-FF3D-4EC9-8CC5-B0AD12711729}.Debug|iPhoneSimulator.ActiveCfg = Debug|Any CPU
		{94CE291E-FF3D-4EC9-8CC5-B0AD12711729}.Debug|iPhoneSimulator.Build.0 = Debug|Any CPU
		{94CE291E-FF3D-4EC9-8CC5-B0AD12711729}.Release|iPhoneSimulator.ActiveCfg = Release|Any CPU
		{94CE291E-FF3D-4EC9-8CC5-B0AD12711729}.Release|iPhoneSimulator.Build.0 = Release|Any CPU
		{94CE291E-FF3D-4EC9-8CC5-B0AD12711729}.Debug|iPhone.ActiveCfg = Debug|Any CPU
		{94CE291E-FF3D-4EC9-8CC5-B0AD12711729}.Debug|iPhone.Build.0 = Debug|Any CPU
		{94CE291E-FF3D-4EC9-8CC5-B0AD12711729}.Release|iPhone.ActiveCfg = Release|Any CPU
		{94CE291E-FF3D-4EC9-8CC5-B0AD12711729}.Release|iPhone.Build.0 = Release|Any CPU
		{8508C48E-229B-457E-91D2-BC8ACB6938E2}.Debug|Any CPU.ActiveCfg = Debug|iPhoneSimulator
		{8508C48E-229B-457E-91D2-BC8ACB6938E2}.Debug|Any CPU.Build.0 = Debug|iPhoneSimulator
		{8508C48E-229B-457E-91D2-BC8ACB6938E2}.Release|Any CPU.ActiveCfg = Release|iPhoneSimulator
		{8508C48E-229B-457E-91D2-BC8ACB6938E2}.Release|Any CPU.Build.0 = Release|iPhoneSimulator
		{8508C48E-229B-457E-91D2-BC8ACB6938E2}.Debug|iPhoneSimulator.ActiveCfg = Debug|iPhoneSimulator
		{8508C48E-229B-457E-91D2-BC8ACB6938E2}.Debug|iPhoneSimulator.Build.0 = Debug|iPhoneSimulator
		{8508C48E-229B-457E-91D2-BC8ACB6938E2}.Release|iPhoneSimulator.ActiveCfg = Release|iPhoneSimulator
		{8508C48E-229B-457E-91D2-BC8ACB6938E2}.Release|iPhoneSimulator.Build.0 = Release|iPhoneSimulator
		{8508C48E-229B-457E-91D2-BC8ACB6938E2}.Debug|iPhone.ActiveCfg = Debug|iPhone
		{8508C48E-229B-457E-91D2-BC8ACB6938E2}.Debug|iPhone.Build.0 = Debug|iPhone
		{8508C48E-229B-457E-91D2-BC8ACB6938E2}.Release|iPhone.ActiveCfg = Release|iPhone
		{8508C48E-229B-457E-91D2-BC8ACB6938E2}.Release|iPhone.Build.0 = Release|iPhone
		{A3E172D9-B978-4A23-98D2-3A058A05F02C}.Debug|Any CPU.ActiveCfg = Debug|Any CPU
		{A3E172D9-B978-4A23-98D2-3A058A05F02C}.Debug|Any CPU.Build.0 = Debug|Any CPU
		{A3E172D9-B978-4A23-98D2-3A058A05F02C}.Release|Any CPU.ActiveCfg = Release|Any CPU
		{A3E172D9-B978-4A23-98D2-3A058A05F02C}.Release|Any CPU.Build.0 = Release|Any CPU
		{A3E172D9-B978-4A23-98D2-3A058A05F02C}.Debug|iPhoneSimulator.ActiveCfg = Debug|Any CPU
		{A3E172D9-B978-4A23-98D2-3A058A05F02C}.Debug|iPhoneSimulator.Build.0 = Debug|Any CPU
		{A3E172D9-B978-4A23-98D2-3A058A05F02C}.Release|iPhoneSimulator.ActiveCfg = Release|Any CPU
		{A3E172D9-B978-4A23-98D2-3A058A05F02C}.Release|iPhoneSimulator.Build.0 = Release|Any CPU
		{A3E172D9-B978-4A23-98D2-3A058A05F02C}.Debug|iPhone.ActiveCfg = Debug|Any CPU
		{A3E172D9-B978-4A23-98D2-3A058A05F02C}.Debug|iPhone.Build.0 = Debug|Any CPU
		{A3E172D9-B978-4A23-98D2-3A058A05F02C}.Release|iPhone.ActiveCfg = Release|Any CPU
		{A3E172D9-B978-4A23-98D2-3A058A05F02C}.Release|iPhone.Build.0 = Release|Any CPU
	EndGlobalSection
EndGlobal
